// !$*UTF8*$!
{
	archiveVersion = 1;
	classes = {
	};
	objectVersion = 50;
	objects = {

/* Begin PBXBuildFile section */
		DE57FD8D226332760089C4E7 /* AppDelegate.swift in Sources */ = {isa = PBXBuildFile; fileRef = DE57FD8C226332760089C4E7 /* AppDelegate.swift */; };
		DE57FD92226332760089C4E7 /* Main.storyboard in Resources */ = {isa = PBXBuildFile; fileRef = DE57FD90226332760089C4E7 /* Main.storyboard */; };
		DE57FD942263327A0089C4E7 /* Assets.xcassets in Resources */ = {isa = PBXBuildFile; fileRef = DE57FD932263327A0089C4E7 /* Assets.xcassets */; };
		DE57FD972263327A0089C4E7 /* LaunchScreen.storyboard in Resources */ = {isa = PBXBuildFile; fileRef = DE57FD952263327A0089C4E7 /* LaunchScreen.storyboard */; };
		DE57FD9F226334A20089C4E7 /* Renderer.swift in Sources */ = {isa = PBXBuildFile; fileRef = DE57FD9E226334A20089C4E7 /* Renderer.swift */; };
		DE57FDA1226334AB0089C4E7 /* Shader.metal in Sources */ = {isa = PBXBuildFile; fileRef = DE57FDA0226334AB0089C4E7 /* Shader.metal */; };
		DE57FDA3226334B20089C4E7 /* ViewController.swift in Sources */ = {isa = PBXBuildFile; fileRef = DE57FDA2226334B20089C4E7 /* ViewController.swift */; };
		DE57FDA5226335100089C4E7 /* Types.swift in Sources */ = {isa = PBXBuildFile; fileRef = DE57FDA4226335100089C4E7 /* Types.swift */; };
/* End PBXBuildFile section */

/* Begin PBXFileReference section */
		DE57FD89226332760089C4E7 /* Fractal.app */ = {isa = PBXFileReference; explicitFileType = wrapper.application; includeInIndex = 0; path = Fractal.app; sourceTree = BUILT_PRODUCTS_DIR; };
		DE57FD8C226332760089C4E7 /* AppDelegate.swift */ = {isa = PBXFileReference; lastKnownFileType = sourcecode.swift; path = AppDelegate.swift; sourceTree = "<group>"; };
		DE57FD91226332760089C4E7 /* Base */ = {isa = PBXFileReference; lastKnownFileType = file.storyboard; name = Base; path = Base.lproj/Main.storyboard; sourceTree = "<group>"; };
		DE57FD932263327A0089C4E7 /* Assets.xcassets */ = {isa = PBXFileReference; lastKnownFileType = folder.assetcatalog; path = Assets.xcassets; sourceTree = "<group>"; };
		DE57FD962263327A0089C4E7 /* Base */ = {isa = PBXFileReference; lastKnownFileType = file.storyboard; name = Base; path = Base.lproj/LaunchScreen.storyboard; sourceTree = "<group>"; };
		DE57FD982263327A0089C4E7 /* Info.plist */ = {isa = PBXFileReference; lastKnownFileType = text.plist.xml; path = Info.plist; sourceTree = "<group>"; };
		DE57FD9E226334A20089C4E7 /* Renderer.swift */ = {isa = PBXFileReference; fileEncoding = 4; lastKnownFileType = sourcecode.swift; path = Renderer.swift; sourceTree = "<group>"; };
		DE57FDA0226334AB0089C4E7 /* Shader.metal */ = {isa = PBXFileReference; fileEncoding = 4; lastKnownFileType = sourcecode.metal; path = Shader.metal; sourceTree = "<group>"; };
		DE57FDA2226334B20089C4E7 /* ViewController.swift */ = {isa = PBXFileReference; fileEncoding = 4; lastKnownFileType = sourcecode.swift; path = ViewController.swift; sourceTree = "<group>"; };
		DE57FDA4226335100089C4E7 /* Types.swift */ = {isa = PBXFileReference; lastKnownFileType = sourcecode.swift; path = Types.swift; sourceTree = "<group>"; };
/* End PBXFileReference section */

/* Begin PBXFrameworksBuildPhase section */
		DE57FD86226332760089C4E7 /* Frameworks */ = {
			isa = PBXFrameworksBuildPhase;
			buildActionMask = 2147483647;
			files = (
			);
			runOnlyForDeploymentPostprocessing = 0;
		};
/* End PBXFrameworksBuildPhase section */

/* Begin PBXGroup section */
		DE57FD80226332760089C4E7 = {
			isa = PBXGroup;
			children = (
				DE57FD8B226332760089C4E7 /* Fractal */,
				DE57FD8A226332760089C4E7 /* Products */,
			);
			sourceTree = "<group>";
		};
		DE57FD8A226332760089C4E7 /* Products */ = {
			isa = PBXGroup;
			children = (
				DE57FD89226332760089C4E7 /* Fractal.app */,
			);
			name = Products;
			sourceTree = "<group>";
		};
		DE57FD8B226332760089C4E7 /* Fractal */ = {
			isa = PBXGroup;
			children = (
				DE57FD8C226332760089C4E7 /* AppDelegate.swift */,
				DE57FD9E226334A20089C4E7 /* Renderer.swift */,
				DE57FDA4226335100089C4E7 /* Types.swift */,
				DE57FDA0226334AB0089C4E7 /* Shader.metal */,
				DE57FDA2226334B20089C4E7 /* ViewController.swift */,
				DE57FD90226332760089C4E7 /* Main.storyboard */,
				DE57FD932263327A0089C4E7 /* Assets.xcassets */,
				DE57FD952263327A0089C4E7 /* LaunchScreen.storyboard */,
				DE57FD982263327A0089C4E7 /* Info.plist */,
			);
			path = Fractal;
			sourceTree = "<group>";
		};
/* End PBXGroup section */

/* Begin PBXNativeTarget section */
		DE57FD88226332760089C4E7 /* Fractal */ = {
			isa = PBXNativeTarget;
			buildConfigurationList = DE57FD9B2263327A0089C4E7 /* Build configuration list for PBXNativeTarget "Fractal" */;
			buildPhases = (
				DE57FD85226332760089C4E7 /* Sources */,
				DE57FD86226332760089C4E7 /* Frameworks */,
				DE57FD87226332760089C4E7 /* Resources */,
			);
			buildRules = (
			);
			dependencies = (
			);
			name = Fractal;
			productName = gradientMetalApp;
			productReference = DE57FD89226332760089C4E7 /* Fractal.app */;
			productType = "com.apple.product-type.application";
		};
/* End PBXNativeTarget section */

/* Begin PBXProject section */
		DE57FD81226332760089C4E7 /* Project object */ = {
			isa = PBXProject;
			attributes = {
				LastSwiftUpdateCheck = 1020;
				LastUpgradeCheck = 1020;
				ORGANIZATIONNAME = "Мишаня";
				TargetAttributes = {
					DE57FD88226332760089C4E7 = {
						CreatedOnToolsVersion = 10.2;
					};
				};
			};
			buildConfigurationList = DE57FD84226332760089C4E7 /* Build configuration list for PBXProject "Fractal" */;
			compatibilityVersion = "Xcode 9.3";
			developmentRegion = en;
			hasScannedForEncodings = 0;
			knownRegions = (
				en,
				Base,
			);
			mainGroup = DE57FD80226332760089C4E7;
			productRefGroup = DE57FD8A226332760089C4E7 /* Products */;
			projectDirPath = "";
			projectRoot = "";
			targets = (
				DE57FD88226332760089C4E7 /* Fractal */,
			);
		};
/* End PBXProject section */

/* Begin PBXResourcesBuildPhase section */
		DE57FD87226332760089C4E7 /* Resources */ = {
			isa = PBXResourcesBuildPhase;
			buildActionMask = 2147483647;
			files = (
				DE57FD972263327A0089C4E7 /* LaunchScreen.storyboard in Resources */,
				DE57FD942263327A0089C4E7 /* Assets.xcassets in Resources */,
				DE57FD92226332760089C4E7 /* Main.storyboard in Resources */,
			);
			runOnlyForDeploymentPostprocessing = 0;
		};
/* End PBXResourcesBuildPhase section */

/* Begin PBXSourcesBuildPhase section */
		DE57FD85226332760089C4E7 /* Sources */ = {
			isa = PBXSourcesBuildPhase;
			buildActionMask = 2147483647;
			files = (
				DE57FDA1226334AB0089C4E7 /* Shader.metal in Sources */,
				DE57FD9F226334A20089C4E7 /* Renderer.swift in Sources */,
				DE57FDA3226334B20089C4E7 /* ViewController.swift in Sources */,
				DE57FDA5226335100089C4E7 /* Types.swift in Sources */,
				DE57FD8D226332760089C4E7 /* AppDelegate.swift in Sources */,
			);
			runOnlyForDeploymentPostprocessing = 0;
		};
/* End PBXSourcesBuildPhase section */

/* Begin PBXVariantGroup section */
		DE57FD90226332760089C4E7 /* Main.storyboard */ = {
			isa = PBXVariantGroup;
			children = (
				DE57FD91226332760089C4E7 /* Base */,
			);
			name = Main.storyboard;
			sourceTree = "<group>";
		};
		DE57FD952263327A0089C4E7 /* LaunchScreen.storyboard */ = {
			isa = PBXVariantGroup;
			children = (
				DE57FD962263327A0089C4E7 /* Base */,
			);
			name = LaunchScreen.storyboard;
			sourceTree = "<group>";
		};
/* End PBXVariantGroup section */

/* Begin XCBuildConfiguration section */
		DE57FD992263327A0089C4E7 /* Debug */ = {
			isa = XCBuildConfiguration;
			buildSettings = {
				ALWAYS_SEARCH_USER_PATHS = NO;
				CLANG_ANALYZER_NONNULL = YES;
				CLANG_ANALYZER_NUMBER_OBJECT_CONVERSION = YES_AGGRESSIVE;
				CLANG_CXX_LANGUAGE_STANDARD = "gnu++14";
				CLANG_CXX_LIBRARY = "libc++";
				CLANG_ENABLE_MODULES = YES;
				CLANG_ENABLE_OBJC_ARC = YES;
				CLANG_ENABLE_OBJC_WEAK = YES;
				CLANG_WARN_BLOCK_CAPTURE_AUTORELEASING = YES;
				CLANG_WARN_BOOL_CONVERSION = YES;
				CLANG_WARN_COMMA = YES;
				CLANG_WARN_CONSTANT_CONVERSION = YES;
				CLANG_WARN_DEPRECATED_OBJC_IMPLEMENTATIONS = YES;
				CLANG_WARN_DIRECT_OBJC_ISA_USAGE = YES_ERROR;
				CLANG_WARN_DOCUMENTATION_COMMENTS = YES;
				CLANG_WARN_EMPTY_BODY = YES;
				CLANG_WARN_ENUM_CONVERSION = YES;
				CLANG_WARN_INFINITE_RECURSION = YES;
				CLANG_WARN_INT_CONVERSION = YES;
				CLANG_WARN_NON_LITERAL_NULL_CONVERSION = YES;
				CLANG_WARN_OBJC_IMPLICIT_RETAIN_SELF = YES;
				CLANG_WARN_OBJC_LITERAL_CONVERSION = YES;
				CLANG_WARN_OBJC_ROOT_CLASS = YES_ERROR;
				CLANG_WARN_RANGE_LOOP_ANALYSIS = YES;
				CLANG_WARN_STRICT_PROTOTYPES = YES;
				CLANG_WARN_SUSPICIOUS_MOVE = YES;
				CLANG_WARN_UNGUARDED_AVAILABILITY = YES_AGGRESSIVE;
				CLANG_WARN_UNREACHABLE_CODE = YES;
				CLANG_WARN__DUPLICATE_METHOD_MATCH = YES;
				CODE_SIGN_IDENTITY = "iPhone Developer";
				COPY_PHASE_STRIP = NO;
				DEBUG_INFORMATION_FORMAT = dwarf;
				ENABLE_STRICT_OBJC_MSGSEND = YES;
				ENABLE_TESTABILITY = YES;
				GCC_C_LANGUAGE_STANDARD = gnu11;
				GCC_DYNAMIC_NO_PIC = NO;
				GCC_NO_COMMON_BLOCKS = YES;
				GCC_OPTIMIZATION_LEVEL = 0;
				GCC_PREPROCESSOR_DEFINITIONS = (
					"DEBUG=1",
					"$(inherited)",
				);
				GCC_WARN_64_TO_32_BIT_CONVERSION = YES;
				GCC_WARN_ABOUT_RETURN_TYPE = YES_ERROR;
				GCC_WARN_UNDECLARED_SELECTOR = YES;
				GCC_WARN_UNINITIALIZED_AUTOS = YES_AGGRESSIVE;
				GCC_WARN_UNUSED_FUNCTION = YES;
				GCC_WARN_UNUSED_VARIABLE = YES;
				IPHONEOS_DEPLOYMENT_TARGET = 12.2;
				MTL_ENABLE_DEBUG_INFO = INCLUDE_SOURCE;
				MTL_FAST_MATH = YES;
				ONLY_ACTIVE_ARCH = YES;
				SDKROOT = iphoneos;
				SWIFT_ACTIVE_COMPILATION_CONDITIONS = DEBUG;
				SWIFT_OPTIMIZATION_LEVEL = "-Onone";
			};
			name = Debug;
		};
		DE57FD9A2263327A0089C4E7 /* Release */ = {
			isa = XCBuildConfiguration;
			buildSettings = {
				ALWAYS_SEARCH_USER_PATHS = NO;
				CLANG_ANALYZER_NONNULL = YES;
				CLANG_ANALYZER_NUMBER_OBJECT_CONVERSION = YES_AGGRESSIVE;
				CLANG_CXX_LANGUAGE_STANDARD = "gnu++14";
				CLANG_CXX_LIBRARY = "libc++";
				CLANG_ENABLE_MODULES = YES;
				CLANG_ENABLE_OBJC_ARC = YES;
				CLANG_ENABLE_OBJC_WEAK = YES;
				CLANG_WARN_BLOCK_CAPTURE_AUTORELEASING = YES;
				CLANG_WARN_BOOL_CONVERSION = YES;
				CLANG_WARN_COMMA = YES;
				CLANG_WARN_CONSTANT_CONVERSION = YES;
				CLANG_WARN_DEPRECATED_OBJC_IMPLEMENTATIONS = YES;
				CLANG_WARN_DIRECT_OBJC_ISA_USAGE = YES_ERROR;
				CLANG_WARN_DOCUMENTATION_COMMENTS = YES;
				CLANG_WARN_EMPTY_BODY = YES;
				CLANG_WARN_ENUM_CONVERSION = YES;
				CLANG_WARN_INFINITE_RECURSION = YES;
				CLANG_WARN_INT_CONVERSION = YES;
				CLANG_WARN_NON_LITERAL_NULL_CONVERSION = YES;
				CLANG_WARN_OBJC_IMPLICIT_RETAIN_SELF = YES;
				CLANG_WARN_OBJC_LITERAL_CONVERSION = YES;
				CLANG_WARN_OBJC_ROOT_CLASS = YES_ERROR;
				CLANG_WARN_RANGE_LOOP_ANALYSIS = YES;
				CLANG_WARN_STRICT_PROTOTYPES = YES;
				CLANG_WARN_SUSPICIOUS_MOVE = YES;
				CLANG_WARN_UNGUARDED_AVAILABILITY = YES_AGGRESSIVE;
				CLANG_WARN_UNREACHABLE_CODE = YES;
				CLANG_WARN__DUPLICATE_METHOD_MATCH = YES;
				CODE_SIGN_IDENTITY = "iPhone Developer";
				COPY_PHASE_STRIP = NO;
				DEBUG_INFORMATION_FORMAT = "dwarf-with-dsym";
				ENABLE_NS_ASSERTIONS = NO;
				ENABLE_STRICT_OBJC_MSGSEND = YES;
				GCC_C_LANGUAGE_STANDARD = gnu11;
				GCC_NO_COMMON_BLOCKS = YES;
				GCC_WARN_64_TO_32_BIT_CONVERSION = YES;
				GCC_WARN_ABOUT_RETURN_TYPE = YES_ERROR;
				GCC_WARN_UNDECLARED_SELECTOR = YES;
				GCC_WARN_UNINITIALIZED_AUTOS = YES_AGGRESSIVE;
				GCC_WARN_UNUSED_FUNCTION = YES;
				GCC_WARN_UNUSED_VARIABLE = YES;
				IPHONEOS_DEPLOYMENT_TARGET = 12.2;
				MTL_ENABLE_DEBUG_INFO = NO;
				MTL_FAST_MATH = YES;
				SDKROOT = iphoneos;
				SWIFT_COMPILATION_MODE = wholemodule;
				SWIFT_OPTIMIZATION_LEVEL = "-O";
				VALIDATE_PRODUCT = YES;
			};
			name = Release;
		};
		DE57FD9C2263327A0089C4E7 /* Debug */ = {
			isa = XCBuildConfiguration;
			buildSettings = {
				ASSETCATALOG_COMPILER_APPICON_NAME = AppIcon;
				CODE_SIGN_STYLE = Automatic;
				DEVELOPMENT_TEAM = F9K44Q34KY;
				INFOPLIST_FILE = "$(SRCROOT)/Fractal/Info.plist";
				IPHONEOS_DEPLOYMENT_TARGET = 12.1;
				LD_RUNPATH_SEARCH_PATHS = (
					"$(inherited)",
					"@executable_path/Frameworks",
				);
				PRODUCT_BUNDLE_IDENTIFIER = mishania.Fractal;
				PRODUCT_NAME = "$(TARGET_NAME)";
				SWIFT_VERSION = 5.0;
				TARGETED_DEVICE_FAMILY = "1,2";
			};
			name = Debug;
		};
		DE57FD9D2263327A0089C4E7 /* Release */ = {
			isa = XCBuildConfiguration;
			buildSettings = {
				ASSETCATALOG_COMPILER_APPICON_NAME = AppIcon;
				CODE_SIGN_STYLE = Automatic;
				DEVELOPMENT_TEAM = F9K44Q34KY;
				INFOPLIST_FILE = "$(SRCROOT)/Fractal/Info.plist";
				IPHONEOS_DEPLOYMENT_TARGET = 12.1;
				LD_RUNPATH_SEARCH_PATHS = (
					"$(inherited)",
					"@executable_path/Frameworks",
				);
				PRODUCT_BUNDLE_IDENTIFIER = mishania.Fractal;
				PRODUCT_NAME = "$(TARGET_NAME)";
				SWIFT_VERSION = 5.0;
				TARGETED_DEVICE_FAMILY = "1,2";
			};
			name = Release;
		};
/* End XCBuildConfiguration section */

/* Begin XCConfigurationList section */
		DE57FD84226332760089C4E7 /* Build configuration list for PBXProject "Fractal" */ = {
			isa = XCConfigurationList;
			buildConfigurations = (
				DE57FD992263327A0089C4E7 /* Debug */,
				DE57FD9A2263327A0089C4E7 /* Release */,
			);
			defaultConfigurationIsVisible = 0;
			defaultConfigurationName = Release;
		};
		DE57FD9B2263327A0089C4E7 /* Build configuration list for PBXNativeTarget "Fractal" */ = {
			isa = XCConfigurationList;
			buildConfigurations = (
				DE57FD9C2263327A0089C4E7 /* Debug */,
				DE57FD9D2263327A0089C4E7 /* Release */,
			);
			defaultConfigurationIsVisible = 0;
			defaultConfigurationName = Release;
		};
/* End XCConfigurationList section */
	};
	rootObject = DE57FD81226332760089C4E7 /* Project object */;
}
